
Microsoft Visual Studio Solution File, Format Version 12.00
# Visual Studio Version 16
VisualStudioVersion = 16.0.31205.134
MinimumVisualStudioVersion = 10.0.40219.1
Project("{9A19103F-16F7-4668-BE54-9A1E7A4F7556}") = "EshopAPI", "EshopAPI\EshopAPI.csproj", "{D2942D7B-DD95-45A7-AD7C-A666FE08C8C9}"
EndProject
Project("{9A19103F-16F7-4668-BE54-9A1E7A4F7556}") = "EshopAPI.Test", "EshopAPI.Test\EshopAPI.Test.csproj", "{64051D64-DF22-49A5-9322-0B8EDE969EF5}"
EndProject
Project("{9A19103F-16F7-4668-BE54-9A1E7A4F7556}") = "WebClient", "WebClient\WebClient.csproj", "{F58A71DB-4792-415D-BF15-C5D651E0DCA3}"
EndProject
Global
	GlobalSection(SolutionConfigurationPlatforms) = preSolution
		Debug|Any CPU = Debug|Any CPU
		Release|Any CPU = Release|Any CPU
	EndGlobalSection
	GlobalSection(ProjectConfigurationPlatforms) = postSolution
		{D2942D7B-DD95-45A7-AD7C-A666FE08C8C9}.Debug|Any CPU.ActiveCfg = Debug|Any CPU
		{D2942D7B-DD95-45A7-AD7C-A666FE08C8C9}.Debug|Any CPU.Build.0 = Debug|Any CPU
		{D2942D7B-DD95-45A7-AD7C-A666FE08C8C9}.Release|Any CPU.ActiveCfg = Release|Any CPU
		{D2942D7B-DD95-45A7-AD7C-A666FE08C8C9}.Release|Any CPU.Build.0 = Release|Any CPU
		{64051D64-DF22-49A5-9322-0B8EDE969EF5}.Debug|Any CPU.ActiveCfg = Debug|Any CPU
		{64051D64-DF22-49A5-9322-0B8EDE969EF5}.Debug|Any CPU.Build.0 = Debug|Any CPU
		{64051D64-DF22-49A5-9322-0B8EDE969EF5}.Release|Any CPU.ActiveCfg = Release|Any CPU
		{64051D64-DF22-49A5-9322-0B8EDE969EF5}.Release|Any CPU.Build.0 = Release|Any CPU
		{F58A71DB-4792-415D-BF15-C5D651E0DCA3}.Debug|Any CPU.ActiveCfg = Debug|Any CPU
		{F58A71DB-4792-415D-BF15-C5D651E0DCA3}.Debug|Any CPU.Build.0 = Debug|Any CPU
		{F58A71DB-4792-415D-BF15-C5D651E0DCA3}.Release|Any CPU.ActiveCfg = Release|Any CPU
		{F58A71DB-4792-415D-BF15-C5D651E0DCA3}.Release|Any CPU.Build.0 = Release|Any CPU
	EndGlobalSection
	GlobalSection(SolutionProperties) = preSolution
		HideSolutionNode = FALSE
	EndGlobalSection
	GlobalSection(ExtensibilityGlobals) = postSolution
		SolutionGuid = {616DEABC-29E7-44C7-864A-0F4CFB4F29F7}
	EndGlobalSection
EndGlobal
